{
    "_readme": [
        "This file locks the dependencies of your project to a known state",
        "Read more about it at https://getcomposer.org/doc/01-basic-usage.md#installing-dependencies",
        "This file is @generated automatically"
    ],
    "content-hash": "bc7bbf795bde70d39e308090bf9dd6d9",
    "packages": [
        {
            "name": "brick/math",
            "version": "0.10.1",
            "source": {
                "type": "git",
                "url": "https://github.com/brick/math.git",
                "reference": "de846578401f4e58f911b3afeb62ced56365ed87"
            },
            "dist": {
                "type": "zip",
                "url": "https://api.github.com/repos/brick/math/zipball/de846578401f4e58f911b3afeb62ced56365ed87",
                "reference": "de846578401f4e58f911b3afeb62ced56365ed87",
                "shasum": ""
            },
            "require": {
                "ext-json": "*",
                "php": "^7.4 || ^8.0"
            },
            "require-dev": {
                "php-coveralls/php-coveralls": "^2.2",
                "phpunit/phpunit": "^9.0",
                "vimeo/psalm": "4.25.0"
            },
            "type": "library",
            "autoload": {
                "psr-4": {
                    "Brick\\Math\\": "src/"
                }
            },
            "notification-url": "https://packagist.org/downloads/",
            "license": [
                "MIT"
            ],
            "description": "Arbitrary-precision arithmetic library",
            "keywords": [
                "Arbitrary-precision",
                "BigInteger",
                "BigRational",
                "arithmetic",
                "bigdecimal",
                "bignum",
                "brick",
                "math"
            ],
            "support": {
                "issues": "https://github.com/brick/math/issues",
                "source": "https://github.com/brick/math/tree/0.10.1"
            },
            "funding": [
                {
                    "url": "https://github.com/BenMorel",
                    "type": "github"
                }
            ],
            "time": "2022-08-01T22:54:31+00:00"
        },
        {
            "name": "nesbot/carbon",
            "version": "2.61.0",
            "source": {
                "type": "git",
                "url": "https://github.com/briannesbitt/Carbon.git",
                "reference": "bdf4f4fe3a3eac4de84dbec0738082a862c68ba6"
            },
            "dist": {
                "type": "zip",
                "url": "https://api.github.com/repos/briannesbitt/Carbon/zipball/bdf4f4fe3a3eac4de84dbec0738082a862c68ba6",
                "reference": "bdf4f4fe3a3eac4de84dbec0738082a862c68ba6",
                "shasum": ""
            },
            "require": {
                "ext-json": "*",
                "php": "^7.1.8 || ^8.0",
                "symfony/polyfill-mbstring": "^1.0",
                "symfony/polyfill-php80": "^1.16",
                "symfony/translation": "^3.4 || ^4.0 || ^5.0 || ^6.0"
            },
            "require-dev": {
                "doctrine/dbal": "^2.0 || ^3.0",
                "doctrine/orm": "^2.7",
                "friendsofphp/php-cs-fixer": "^3.0",
                "kylekatarnls/multi-tester": "^2.0",
                "ondrejmirtes/better-reflection": "*",
                "phpmd/phpmd": "^2.9",
                "phpstan/extension-installer": "^1.0",
                "phpstan/phpstan": "^0.12.99 || ^1.7.14",
                "phpunit/php-file-iterator": "^2.0.5 || ^3.0.6",
                "phpunit/phpunit": "^7.5.20 || ^8.5.26 || ^9.5.20",
                "squizlabs/php_codesniffer": "^3.4"
            },
            "bin": [
                "bin/carbon"
            ],
            "type": "library",
            "extra": {
                "branch-alias": {
                    "dev-3.x": "3.x-dev",
                    "dev-master": "2.x-dev"
                },
                "laravel": {
                    "providers": [
                        "Carbon\\Laravel\\ServiceProvider"
                    ]
                },
                "phpstan": {
                    "includes": [
                        "extension.neon"
                    ]
                }
            },
            "autoload": {
                "psr-4": {
                    "Carbon\\": "src/Carbon/"
                }
            },
            "notification-url": "https://packagist.org/downloads/",
            "license": [
                "MIT"
            ],
            "authors": [
                {
                    "name": "Brian Nesbitt",
                    "email": "brian@nesbot.com",
                    "homepage": "https://markido.com"
                },
                {
                    "name": "kylekatarnls",
                    "homepage": "https://github.com/kylekatarnls"
                }
            ],
            "description": "An API extension for DateTime that supports 281 different languages.",
            "homepage": "https://carbon.nesbot.com",
            "keywords": [
                "date",
                "datetime",
                "time"
            ],
            "support": {
                "docs": "https://carbon.nesbot.com/docs",
                "issues": "https://github.com/briannesbitt/Carbon/issues",
                "source": "https://github.com/briannesbitt/Carbon"
            },
            "funding": [
                {
                    "url": "https://github.com/sponsors/kylekatarnls",
                    "type": "github"
                },
                {
                    "url": "https://opencollective.com/Carbon#sponsor",
                    "type": "opencollective"
                },
                {
                    "url": "https://tidelift.com/subscription/pkg/packagist-nesbot-carbon?utm_source=packagist-nesbot-carbon&utm_medium=referral&utm_campaign=readme",
                    "type": "tidelift"
                }
            ],
            "time": "2022-08-06T12:41:24+00:00"
        },
        {
            "name": "pragmarx/ia-arr",
            "version": "7.3.2",
            "source": {
                "type": "git",
                "url": "https://github.com/inflcr/ia-arr",
                "reference": "78ba65f618e6b25b1d246df775146c92ae175ba0"
            },
            "dist": {
                "type": "zip",
                "url": "https://api.github.com/repos/inflcr/ia-arr/zipball/78ba65f618e6b25b1d246df775146c92ae175ba0",
                "reference": "78ba65f618e6b25b1d246df775146c92ae175ba0",
                "shasum": ""
            },
            "require": {
                "php": ">=7.0",
                "symfony/var-dumper": "~3.3|~4.0|~5.0|~6.0"
            },
            "suggest": {
                "nesbot/carbon": "Required to use Carbon datetime."
            },
            "type": "library",
            "extra": {
                "branch-alias": {
                    "dev-master": "1.0-dev"
                }
            },
            "autoload": {
                "psr-4": {
                    "IlluminateAgnostic\\Arr\\": "src/",
                    "IlluminateAgnostic\\Arr\\Tests\\": "tests/"
                },
                "files": [
                    "src/Support/helpers.php",
                    "src/Support/alias.php"
                ]
            },
            "scripts": {
                "test": [
                    "@composer install",
                    "vendor/bin/phpunit"
                ],
                "check-style": [
                    "phpcs -p --standard=PSR2 --runtime-set ignore_errors_on_exit 1 --runtime-set ignore_warnings_on_exit 1 src tests"
                ],
                "fix-style": [
                    "phpcbf -p --standard=PSR2 --runtime-set ignore_errors_on_exit 1 --runtime-set ignore_warnings_on_exit 1 src tests"
                ]
            },
            "license": [
                "MIT"
            ],
            "authors": [
                {
                    "name": "Antonio Carlos Ribeiro",
                    "email": "acr@antoniocarlosribeiro.com",
                    "homepage": "https://antoniocarlosribeiro.com",
                    "role": "Creator"
                }
            ],
            "description": "Laravel Illuminate Agnostic Arr",
            "homepage": "https://github.com/antonioribeiro/ia-arr",
            "keywords": [
                "arr",
                "array",
                "helpers",
                "laravel",
                "pragmarx"
            ],
            "time": "2022-07-01T18:07:10+00:00"
        },
        {
            "name": "pragmarx/ia-collection",
            "version": "7.3.1",
            "source": {
                "type": "git",
                "url": "https://github.com/inflcr/ia-collection",
                "reference": "c226886f23c893092b9893e67f61064d395e2acc"
            },
            "dist": {
                "type": "zip",
                "url": "https://api.github.com/repos/inflcr/ia-collection/zipball/c226886f23c893092b9893e67f61064d395e2acc",
                "reference": "c226886f23c893092b9893e67f61064d395e2acc",
                "shasum": ""
            },
            "require": {
                "nesbot/carbon": "^1.26 || ^2.00",
                "php": ">=7.0",
                "ramsey/uuid": "~3.7|~4.0",
                "voku/portable-ascii": "^2.0"
            },
            "type": "library",
            "extra": {
                "branch-alias": {
                    "dev-master": "1.0-dev"
                }
            },
            "autoload": {
                "psr-4": {
                    "IlluminateAgnostic\\Collection\\": "src/",
                    "IlluminateAgnostic\\Collection\\Tests\\": "tests/"
                },
                "files": [
                    "src/Support/helpers.php",
                    "src/Support/alias.php"
                ]
            },
            "scripts": {
                "test": [
                    "@composer install",
                    "vendor/bin/phpunit"
                ],
                "check-style": [
                    "phpcs -p --standard=PSR2 --runtime-set ignore_errors_on_exit 1 --runtime-set ignore_warnings_on_exit 1 src tests"
                ],
                "fix-style": [
                    "phpcbf -p --standard=PSR2 --runtime-set ignore_errors_on_exit 1 --runtime-set ignore_warnings_on_exit 1 src tests"
                ]
            },
            "license": [
                "MIT"
            ],
            "authors": [
                {
                    "name": "Antonio Carlos Ribeiro",
                    "email": "acr@antoniocarlosribeiro.com",
                    "homepage": "https://antoniocarlosribeiro.com",
                    "role": "Creator"
                }
            ],
            "description": "Laravel Illuminate Agnostic Collection",
            "homepage": "https://github.com/antonioribeiro/ia-collection",
            "keywords": [
                "collection",
                "helpers",
                "laravel",
                "pragmarx"
            ],
            "time": "2022-07-01T14:27:33+00:00"
        },
        {
            "name": "pragmarx/ia-str",
            "version": "7.3.1",
            "source": {
                "type": "git",
                "url": "https://github.com/inflcr/ia-str",
                "reference": "c8633d608540c6c30a1a9dea2bcc6d5a73eb4976"
            },
            "dist": {
                "type": "zip",
                "url": "https://api.github.com/repos/inflcr/ia-str/zipball/c8633d608540c6c30a1a9dea2bcc6d5a73eb4976",
                "reference": "c8633d608540c6c30a1a9dea2bcc6d5a73eb4976",
                "shasum": ""
            },
            "require": {
                "php": ">=7.0",
                "voku/portable-ascii": "^2.0"
            },
            "suggest": {
                "doctrine/inflector": "",
                "nesbot/carbon": "",
                "ramsey/uuid": "",
                "symfony/var-dumper": ""
            },
            "type": "library",
            "extra": {
                "branch-alias": {
                    "dev-master": "1.0-dev"
                }
            },
            "autoload": {
                "psr-4": {
                    "IlluminateAgnostic\\Str\\": "src/",
                    "IlluminateAgnostic\\Str\\Tests\\": "tests/"
                },
                "files": [
                    "src/Support/helpers.php",
                    "src/Support/alias.php"
                ]
            },
            "scripts": {
                "test": [
                    "@composer install",
                    "vendor/bin/phpunit"
                ],
                "check-style": [
                    "phpcs -p --standard=PSR2 --runtime-set ignore_errors_on_exit 1 --runtime-set ignore_warnings_on_exit 1 src tests"
                ],
                "fix-style": [
                    "phpcbf -p --standard=PSR2 --runtime-set ignore_errors_on_exit 1 --runtime-set ignore_warnings_on_exit 1 src tests"
                ]
            },
            "license": [
                "MIT"
            ],
            "authors": [
                {
                    "name": "Antonio Carlos Ribeiro",
                    "email": "acr@antoniocarlosribeiro.com",
                    "homepage": "https://antoniocarlosribeiro.com",
                    "role": "Creator"
                }
            ],
            "description": "Laravel Illuminate Agnostic Str",
            "homepage": "https://github.com/antonioribeiro/ia-str",
            "keywords": [
                "helpers",
                "laravel",
                "pragmarx",
                "str",
                "string"
            ],
            "time": "2022-07-01T18:01:12+00:00"
        },
        {
            "name": "ramsey/collection",
            "version": "1.2.2",
            "source": {
                "type": "git",
                "url": "https://github.com/ramsey/collection.git",
                "reference": "cccc74ee5e328031b15640b51056ee8d3bb66c0a"
            },
            "dist": {
                "type": "zip",
                "url": "https://api.github.com/repos/ramsey/collection/zipball/cccc74ee5e328031b15640b51056ee8d3bb66c0a",
                "reference": "cccc74ee5e328031b15640b51056ee8d3bb66c0a",
                "shasum": ""
            },
            "require": {
                "php": "^7.3 || ^8",
                "symfony/polyfill-php81": "^1.23"
            },
            "require-dev": {
                "captainhook/captainhook": "^5.3",
                "dealerdirect/phpcodesniffer-composer-installer": "^0.7.0",
                "ergebnis/composer-normalize": "^2.6",
                "fakerphp/faker": "^1.5",
                "hamcrest/hamcrest-php": "^2",
                "jangregor/phpstan-prophecy": "^0.8",
                "mockery/mockery": "^1.3",
                "phpspec/prophecy-phpunit": "^2.0",
                "phpstan/extension-installer": "^1",
                "phpstan/phpstan": "^0.12.32",
                "phpstan/phpstan-mockery": "^0.12.5",
                "phpstan/phpstan-phpunit": "^0.12.11",
                "phpunit/phpunit": "^8.5 || ^9",
                "psy/psysh": "^0.10.4",
                "slevomat/coding-standard": "^6.3",
                "squizlabs/php_codesniffer": "^3.5",
                "vimeo/psalm": "^4.4"
            },
            "type": "library",
            "autoload": {
                "psr-4": {
                    "Ramsey\\Collection\\": "src/"
                }
            },
            "notification-url": "https://packagist.org/downloads/",
            "license": [
                "MIT"
            ],
            "authors": [
                {
                    "name": "Ben Ramsey",
                    "email": "ben@benramsey.com",
                    "homepage": "https://benramsey.com"
                }
            ],
            "description": "A PHP library for representing and manipulating collections.",
            "keywords": [
                "array",
                "collection",
                "hash",
                "map",
                "queue",
                "set"
            ],
            "support": {
                "issues": "https://github.com/ramsey/collection/issues",
                "source": "https://github.com/ramsey/collection/tree/1.2.2"
            },
            "funding": [
                {
                    "url": "https://github.com/ramsey",
                    "type": "github"
                },
                {
                    "url": "https://tidelift.com/funding/github/packagist/ramsey/collection",
                    "type": "tidelift"
                }
            ],
            "time": "2021-10-10T03:01:02+00:00"
        },
        {
            "name": "ramsey/uuid",
            "version": "4.4.0",
            "source": {
                "type": "git",
                "url": "https://github.com/ramsey/uuid.git",
                "reference": "373f7bacfcf3de038778ff27dcce5672ddbf4c8a"
            },
            "dist": {
                "type": "zip",
                "url": "https://api.github.com/repos/ramsey/uuid/zipball/373f7bacfcf3de038778ff27dcce5672ddbf4c8a",
                "reference": "373f7bacfcf3de038778ff27dcce5672ddbf4c8a",
                "shasum": ""
            },
            "require": {
                "brick/math": "^0.8 || ^0.9 || ^0.10",
                "ext-ctype": "*",
                "ext-json": "*",
                "php": "^8.0",
                "ramsey/collection": "^1.0"
            },
            "replace": {
                "rhumsaa/uuid": "self.version"
            },
            "require-dev": {
                "captainhook/captainhook": "^5.10",
                "captainhook/plugin-composer": "^5.3",
                "dealerdirect/phpcodesniffer-composer-installer": "^0.7.0",
                "doctrine/annotations": "^1.8",
                "ergebnis/composer-normalize": "^2.15",
                "mockery/mockery": "^1.3",
                "paragonie/random-lib": "^2",
                "php-mock/php-mock": "^2.2",
                "php-mock/php-mock-mockery": "^1.3",
                "php-parallel-lint/php-parallel-lint": "^1.1",
                "phpbench/phpbench": "^1.0",
                "phpstan/extension-installer": "^1.0",
                "phpstan/phpstan": "^0.12",
                "phpstan/phpstan-mockery": "^0.12",
                "phpstan/phpstan-phpunit": "^0.12",
                "phpunit/phpunit": "^8.5 || ^9",
                "slevomat/coding-standard": "^7.0",
                "squizlabs/php_codesniffer": "^3.5",
                "vimeo/psalm": "^4.9"
            },
            "suggest": {
                "ext-bcmath": "Enables faster math with arbitrary-precision integers using BCMath.",
                "ext-ctype": "Enables faster processing of character classification using ctype functions.",
                "ext-gmp": "Enables faster math with arbitrary-precision integers using GMP.",
                "ext-uuid": "Enables the use of PeclUuidTimeGenerator and PeclUuidRandomGenerator.",
                "paragonie/random-lib": "Provides RandomLib for use with the RandomLibAdapter",
                "ramsey/uuid-doctrine": "Allows the use of Ramsey\\Uuid\\Uuid as Doctrine field type."
            },
            "type": "library",
            "extra": {
                "captainhook": {
                    "force-install": true
                }
            },
            "autoload": {
                "files": [
                    "src/functions.php"
                ],
                "psr-4": {
                    "Ramsey\\Uuid\\": "src/"
                }
            },
            "notification-url": "https://packagist.org/downloads/",
            "license": [
                "MIT"
            ],
            "description": "A PHP library for generating and working with universally unique identifiers (UUIDs).",
            "keywords": [
                "guid",
                "identifier",
                "uuid"
            ],
            "support": {
                "issues": "https://github.com/ramsey/uuid/issues",
                "source": "https://github.com/ramsey/uuid/tree/4.4.0"
            },
            "funding": [
                {
                    "url": "https://github.com/ramsey",
                    "type": "github"
                },
                {
                    "url": "https://tidelift.com/funding/github/packagist/ramsey/uuid",
                    "type": "tidelift"
                }
            ],
            "time": "2022-08-05T17:58:37+00:00"
        },
        {
            "name": "symfony/polyfill-mbstring",
            "version": "v1.26.0",
            "source": {
                "type": "git",
                "url": "https://github.com/symfony/polyfill-mbstring.git",
                "reference": "9344f9cb97f3b19424af1a21a3b0e75b0a7d8d7e"
            },
            "dist": {
                "type": "zip",
                "url": "https://api.github.com/repos/symfony/polyfill-mbstring/zipball/9344f9cb97f3b19424af1a21a3b0e75b0a7d8d7e",
                "reference": "9344f9cb97f3b19424af1a21a3b0e75b0a7d8d7e",
                "shasum": ""
            },
            "require": {
                "php": ">=7.1"
            },
            "provide": {
                "ext-mbstring": "*"
            },
            "suggest": {
                "ext-mbstring": "For best performance"
            },
            "type": "library",
            "extra": {
                "branch-alias": {
                    "dev-main": "1.26-dev"
                },
                "thanks": {
                    "name": "symfony/polyfill",
                    "url": "https://github.com/symfony/polyfill"
                }
            },
            "autoload": {
                "files": [
                    "bootstrap.php"
                ],
                "psr-4": {
                    "Symfony\\Polyfill\\Mbstring\\": ""
                }
            },
            "notification-url": "https://packagist.org/downloads/",
            "license": [
                "MIT"
            ],
            "authors": [
                {
                    "name": "Nicolas Grekas",
                    "email": "p@tchwork.com"
                },
                {
                    "name": "Symfony Community",
                    "homepage": "https://symfony.com/contributors"
                }
            ],
            "description": "Symfony polyfill for the Mbstring extension",
            "homepage": "https://symfony.com",
            "keywords": [
                "compatibility",
                "mbstring",
                "polyfill",
                "portable",
                "shim"
            ],
            "support": {
                "source": "https://github.com/symfony/polyfill-mbstring/tree/v1.26.0"
            },
            "funding": [
                {
                    "url": "https://symfony.com/sponsor",
                    "type": "custom"
                },
                {
                    "url": "https://github.com/fabpot",
                    "type": "github"
                },
                {
                    "url": "https://tidelift.com/funding/github/packagist/symfony/symfony",
                    "type": "tidelift"
                }
            ],
            "time": "2022-05-24T11:49:31+00:00"
        },
        {
            "name": "symfony/polyfill-php80",
            "version": "v1.26.0",
            "source": {
                "type": "git",
                "url": "https://github.com/symfony/polyfill-php80.git",
                "reference": "cfa0ae98841b9e461207c13ab093d76b0fa7bace"
            },
            "dist": {
                "type": "zip",
                "url": "https://api.github.com/repos/symfony/polyfill-php80/zipball/cfa0ae98841b9e461207c13ab093d76b0fa7bace",
                "reference": "cfa0ae98841b9e461207c13ab093d76b0fa7bace",
                "shasum": ""
            },
            "require": {
                "php": ">=7.1"
            },
            "type": "library",
            "extra": {
                "branch-alias": {
                    "dev-main": "1.26-dev"
                },
                "thanks": {
                    "name": "symfony/polyfill",
                    "url": "https://github.com/symfony/polyfill"
                }
            },
            "autoload": {
                "files": [
                    "bootstrap.php"
                ],
                "psr-4": {
                    "Symfony\\Polyfill\\Php80\\": ""
                },
                "classmap": [
                    "Resources/stubs"
                ]
            },
            "notification-url": "https://packagist.org/downloads/",
            "license": [
                "MIT"
            ],
            "authors": [
                {
                    "name": "Ion Bazan",
                    "email": "ion.bazan@gmail.com"
                },
                {
                    "name": "Nicolas Grekas",
                    "email": "p@tchwork.com"
                },
                {
                    "name": "Symfony Community",
                    "homepage": "https://symfony.com/contributors"
                }
            ],
            "description": "Symfony polyfill backporting some PHP 8.0+ features to lower PHP versions",
            "homepage": "https://symfony.com",
            "keywords": [
                "compatibility",
                "polyfill",
                "portable",
                "shim"
            ],
            "support": {
                "source": "https://github.com/symfony/polyfill-php80/tree/v1.26.0"
            },
            "funding": [
                {
                    "url": "https://symfony.com/sponsor",
                    "type": "custom"
                },
                {
                    "url": "https://github.com/fabpot",
                    "type": "github"
                },
                {
                    "url": "https://tidelift.com/funding/github/packagist/symfony/symfony",
                    "type": "tidelift"
                }
            ],
            "time": "2022-05-10T07:21:04+00:00"
        },
        {
            "name": "symfony/polyfill-php81",
            "version": "v1.26.0",
            "source": {
                "type": "git",
                "url": "https://github.com/symfony/polyfill-php81.git",
                "reference": "13f6d1271c663dc5ae9fb843a8f16521db7687a1"
            },
            "dist": {
                "type": "zip",
                "url": "https://api.github.com/repos/symfony/polyfill-php81/zipball/13f6d1271c663dc5ae9fb843a8f16521db7687a1",
                "reference": "13f6d1271c663dc5ae9fb843a8f16521db7687a1",
                "shasum": ""
            },
            "require": {
                "php": ">=7.1"
            },
            "type": "library",
            "extra": {
                "branch-alias": {
                    "dev-main": "1.26-dev"
                },
                "thanks": {
                    "name": "symfony/polyfill",
                    "url": "https://github.com/symfony/polyfill"
                }
            },
            "autoload": {
                "files": [
                    "bootstrap.php"
                ],
                "psr-4": {
                    "Symfony\\Polyfill\\Php81\\": ""
                },
                "classmap": [
                    "Resources/stubs"
                ]
            },
            "notification-url": "https://packagist.org/downloads/",
            "license": [
                "MIT"
            ],
            "authors": [
                {
                    "name": "Nicolas Grekas",
                    "email": "p@tchwork.com"
                },
                {
                    "name": "Symfony Community",
                    "homepage": "https://symfony.com/contributors"
                }
            ],
            "description": "Symfony polyfill backporting some PHP 8.1+ features to lower PHP versions",
            "homepage": "https://symfony.com",
            "keywords": [
                "compatibility",
                "polyfill",
                "portable",
                "shim"
            ],
            "support": {
                "source": "https://github.com/symfony/polyfill-php81/tree/v1.26.0"
            },
            "funding": [
                {
                    "url": "https://symfony.com/sponsor",
                    "type": "custom"
                },
                {
                    "url": "https://github.com/fabpot",
                    "type": "github"
                },
                {
                    "url": "https://tidelift.com/funding/github/packagist/symfony/symfony",
                    "type": "tidelift"
                }
            ],
            "time": "2022-05-24T11:49:31+00:00"
        },
        {
            "name": "symfony/translation",
            "version": "v6.1.3",
            "source": {
                "type": "git",
                "url": "https://github.com/symfony/translation.git",
                "reference": "b042e16087d298d08c1f013ff505d16c12a3b1be"
            },
            "dist": {
                "type": "zip",
                "url": "https://api.github.com/repos/symfony/translation/zipball/b042e16087d298d08c1f013ff505d16c12a3b1be",
                "reference": "b042e16087d298d08c1f013ff505d16c12a3b1be",
                "shasum": ""
            },
            "require": {
                "php": ">=8.1",
                "symfony/polyfill-mbstring": "~1.0",
                "symfony/translation-contracts": "^2.3|^3.0"
            },
            "conflict": {
                "symfony/config": "<5.4",
                "symfony/console": "<5.4",
                "symfony/dependency-injection": "<5.4",
                "symfony/http-kernel": "<5.4",
                "symfony/twig-bundle": "<5.4",
                "symfony/yaml": "<5.4"
            },
            "provide": {
                "symfony/translation-implementation": "2.3|3.0"
            },
            "require-dev": {
                "psr/log": "^1|^2|^3",
                "symfony/config": "^5.4|^6.0",
                "symfony/console": "^5.4|^6.0",
                "symfony/dependency-injection": "^5.4|^6.0",
                "symfony/finder": "^5.4|^6.0",
                "symfony/http-client-contracts": "^1.1|^2.0|^3.0",
                "symfony/http-kernel": "^5.4|^6.0",
                "symfony/intl": "^5.4|^6.0",
                "symfony/polyfill-intl-icu": "^1.21",
                "symfony/routing": "^5.4|^6.0",
                "symfony/service-contracts": "^1.1.2|^2|^3",
                "symfony/yaml": "^5.4|^6.0"
            },
            "suggest": {
                "psr/log-implementation": "To use logging capability in translator",
                "symfony/config": "",
                "symfony/yaml": ""
            },
            "type": "library",
            "autoload": {
                "files": [
                    "Resources/functions.php"
                ],
                "psr-4": {
                    "Symfony\\Component\\Translation\\": ""
                },
                "exclude-from-classmap": [
                    "/Tests/"
                ]
            },
            "notification-url": "https://packagist.org/downloads/",
            "license": [
                "MIT"
            ],
            "authors": [
                {
                    "name": "Fabien Potencier",
                    "email": "fabien@symfony.com"
                },
                {
                    "name": "Symfony Community",
                    "homepage": "https://symfony.com/contributors"
                }
            ],
            "description": "Provides tools to internationalize your application",
            "homepage": "https://symfony.com",
            "support": {
                "source": "https://github.com/symfony/translation/tree/v6.1.3"
            },
            "funding": [
                {
                    "url": "https://symfony.com/sponsor",
                    "type": "custom"
                },
                {
                    "url": "https://github.com/fabpot",
                    "type": "github"
                },
                {
                    "url": "https://tidelift.com/funding/github/packagist/symfony/symfony",
                    "type": "tidelift"
                }
            ],
            "time": "2022-07-20T13:46:29+00:00"
        },
        {
            "name": "symfony/translation-contracts",
            "version": "v3.1.1",
            "source": {
                "type": "git",
                "url": "https://github.com/symfony/translation-contracts.git",
                "reference": "606be0f48e05116baef052f7f3abdb345c8e02cc"
            },
            "dist": {
                "type": "zip",
                "url": "https://api.github.com/repos/symfony/translation-contracts/zipball/606be0f48e05116baef052f7f3abdb345c8e02cc",
                "reference": "606be0f48e05116baef052f7f3abdb345c8e02cc",
                "shasum": ""
            },
            "require": {
                "php": ">=8.1"
            },
            "suggest": {
                "symfony/translation-implementation": ""
            },
            "type": "library",
            "extra": {
                "branch-alias": {
                    "dev-main": "3.1-dev"
                },
                "thanks": {
                    "name": "symfony/contracts",
                    "url": "https://github.com/symfony/contracts"
                }
            },
            "autoload": {
                "psr-4": {
                    "Symfony\\Contracts\\Translation\\": ""
                },
                "exclude-from-classmap": [
                    "/Test/"
                ]
            },
            "notification-url": "https://packagist.org/downloads/",
            "license": [
                "MIT"
            ],
            "authors": [
                {
                    "name": "Nicolas Grekas",
                    "email": "p@tchwork.com"
                },
                {
                    "name": "Symfony Community",
                    "homepage": "https://symfony.com/contributors"
                }
            ],
            "description": "Generic abstractions related to translation",
            "homepage": "https://symfony.com",
            "keywords": [
                "abstractions",
                "contracts",
                "decoupling",
                "interfaces",
                "interoperability",
                "standards"
            ],
            "support": {
                "source": "https://github.com/symfony/translation-contracts/tree/v3.1.1"
            },
            "funding": [
                {
                    "url": "https://symfony.com/sponsor",
                    "type": "custom"
                },
                {
                    "url": "https://github.com/fabpot",
                    "type": "github"
                },
                {
                    "url": "https://tidelift.com/funding/github/packagist/symfony/symfony",
                    "type": "tidelift"
                }
            ],
            "time": "2022-06-27T17:24:16+00:00"
        },
        {
            "name": "symfony/var-dumper",
            "version": "v6.1.3",
            "source": {
                "type": "git",
                "url": "https://github.com/symfony/var-dumper.git",
                "reference": "d5a5e44a2260c5eb5e746bf4f1fbd12ee6ceb427"
            },
            "dist": {
                "type": "zip",
                "url": "https://api.github.com/repos/symfony/var-dumper/zipball/d5a5e44a2260c5eb5e746bf4f1fbd12ee6ceb427",
                "reference": "d5a5e44a2260c5eb5e746bf4f1fbd12ee6ceb427",
                "shasum": ""
            },
            "require": {
                "php": ">=8.1",
                "symfony/polyfill-mbstring": "~1.0"
            },
            "conflict": {
                "phpunit/phpunit": "<5.4.3",
                "symfony/console": "<5.4"
            },
            "require-dev": {
                "ext-iconv": "*",
                "symfony/console": "^5.4|^6.0",
                "symfony/process": "^5.4|^6.0",
                "symfony/uid": "^5.4|^6.0",
                "twig/twig": "^2.13|^3.0.4"
            },
            "suggest": {
                "ext-iconv": "To convert non-UTF-8 strings to UTF-8 (or symfony/polyfill-iconv in case ext-iconv cannot be used).",
                "ext-intl": "To show region name in time zone dump",
                "symfony/console": "To use the ServerDumpCommand and/or the bin/var-dump-server script"
            },
            "bin": [
                "Resources/bin/var-dump-server"
            ],
            "type": "library",
            "autoload": {
                "files": [
                    "Resources/functions/dump.php"
                ],
                "psr-4": {
                    "Symfony\\Component\\VarDumper\\": ""
                },
                "exclude-from-classmap": [
                    "/Tests/"
                ]
            },
            "notification-url": "https://packagist.org/downloads/",
            "license": [
                "MIT"
            ],
            "authors": [
                {
                    "name": "Nicolas Grekas",
                    "email": "p@tchwork.com"
                },
                {
                    "name": "Symfony Community",
                    "homepage": "https://symfony.com/contributors"
                }
            ],
            "description": "Provides mechanisms for walking through any arbitrary PHP variable",
            "homepage": "https://symfony.com",
            "keywords": [
                "debug",
                "dump"
            ],
            "support": {
                "source": "https://github.com/symfony/var-dumper/tree/v6.1.3"
            },
            "funding": [
                {
                    "url": "https://symfony.com/sponsor",
                    "type": "custom"
                },
                {
                    "url": "https://github.com/fabpot",
                    "type": "github"
                },
                {
                    "url": "https://tidelift.com/funding/github/packagist/symfony/symfony",
                    "type": "tidelift"
                }
            ],
            "time": "2022-07-20T13:46:29+00:00"
        },
        {
            "name": "voku/portable-ascii",
            "version": "2.0.1",
            "source": {
                "type": "git",
                "url": "https://github.com/voku/portable-ascii.git",
                "reference": "b56450eed252f6801410d810c8e1727224ae0743"
            },
            "dist": {
                "type": "zip",
                "url": "https://api.github.com/repos/voku/portable-ascii/zipball/b56450eed252f6801410d810c8e1727224ae0743",
                "reference": "b56450eed252f6801410d810c8e1727224ae0743",
                "shasum": ""
            },
            "require": {
                "php": ">=7.0.0"
            },
            "require-dev": {
                "phpunit/phpunit": "~6.0 || ~7.0 || ~9.0"
            },
            "suggest": {
                "ext-intl": "Use Intl for transliterator_transliterate() support"
            },
            "type": "library",
            "autoload": {
                "psr-4": {
                    "voku\\": "src/voku/"
                }
            },
            "notification-url": "https://packagist.org/downloads/",
            "license": [
                "MIT"
            ],
            "authors": [
                {
                    "name": "Lars Moelleken",
                    "homepage": "http://www.moelleken.org/"
                }
            ],
            "description": "Portable ASCII library - performance optimized (ascii) string functions for php.",
            "homepage": "https://github.com/voku/portable-ascii",
            "keywords": [
                "ascii",
                "clean",
                "php"
            ],
            "support": {
                "issues": "https://github.com/voku/portable-ascii/issues",
                "source": "https://github.com/voku/portable-ascii/tree/2.0.1"
            },
            "funding": [
                {
                    "url": "https://www.paypal.me/moelleken",
                    "type": "custom"
                },
                {
                    "url": "https://github.com/voku",
                    "type": "github"
                },
                {
                    "url": "https://opencollective.com/portable-ascii",
                    "type": "open_collective"
                },
                {
                    "url": "https://www.patreon.com/voku",
                    "type": "patreon"
                },
                {
                    "url": "https://tidelift.com/funding/github/packagist/voku/portable-ascii",
                    "type": "tidelift"
                }
            ],
            "time": "2022-03-08T17:03:00+00:00"
        }
    ],
    "packages-dev": [],
    "aliases": [],
    "minimum-stability": "stable",
    "stability-flags": [],
    "prefer-stable": false,
    "prefer-lowest": false,
    "platform": {
        "php": ">=7.0"
    },
    "platform-dev": [],
    "plugin-api-version": "2.3.0"
}
